
Microsoft Visual Studio Solution File, Format Version 12.00
# Visual Studio Version 17
VisualStudioVersion = 17.13.35919.96 d17.13
MinimumVisualStudioVersion = 10.0.40219.1
Project("{FAE04EC0-301F-11D3-BF4B-00C04F79EFBC}") = "20250606_期末第六組", "20250606_期末第六組.csproj", "{94C24605-36C7-4B66-8AA4-7AFBA7940389}"
EndProject
Global
	GlobalSection(SolutionConfigurationPlatforms) = preSolution
		Debug|Any CPU = Debug|Any CPU
		Release|Any CPU = Release|Any CPU
	EndGlobalSection
	GlobalSection(ProjectConfigurationPlatforms) = postSolution
		{94C24605-36C7-4B66-8AA4-7AFBA7940389}.Debug|Any CPU.ActiveCfg = Debug|Any CPU
		{94C24605-36C7-4B66-8AA4-7AFBA7940389}.Debug|Any CPU.Build.0 = Debug|Any CPU
		{94C24605-36C7-4B66-8AA4-7AFBA7940389}.Release|Any CPU.ActiveCfg = Release|Any CPU
		{94C24605-36C7-4B66-8AA4-7AFBA7940389}.Release|Any CPU.Build.0 = Release|Any CPU
	EndGlobalSection
	GlobalSection(SolutionProperties) = preSolution
		HideSolutionNode = FALSE
	EndGlobalSection
	GlobalSection(ExtensibilityGlobals) = postSolution
		SolutionGuid = {4CCDB819-8D27-4B31-BE23-638426EFE5AD}
	EndGlobalSection
EndGlobal
